// !$*UTF8*$!
{
	archiveVersion = 1;
	classes = {
	};
	objectVersion = 56;
	objects = {

/* Begin PBXBuildFile section */
		05A2F882298178A600ACDBAD /* AppDelegate.swift in Sources */ = {isa = PBXBuildFile; fileRef = 05A2F881298178A600ACDBAD /* AppDelegate.swift */; };
		05A2F884298178A600ACDBAD /* SceneDelegate.swift in Sources */ = {isa = PBXBuildFile; fileRef = 05A2F883298178A600ACDBAD /* SceneDelegate.swift */; };
		05A2F886298178A600ACDBAD /* ViewController.swift in Sources */ = {isa = PBXBuildFile; fileRef = 05A2F885298178A600ACDBAD /* ViewController.swift */; };
		05A2F889298178A600ACDBAD /* Main.storyboard in Resources */ = {isa = PBXBuildFile; fileRef = 05A2F887298178A600ACDBAD /* Main.storyboard */; };
		05A2F88B298178A800ACDBAD /* Assets.xcassets in Resources */ = {isa = PBXBuildFile; fileRef = 05A2F88A298178A800ACDBAD /* Assets.xcassets */; };
		05A2F88E298178A800ACDBAD /* LaunchScreen.storyboard in Resources */ = {isa = PBXBuildFile; fileRef = 05A2F88C298178A800ACDBAD /* LaunchScreen.storyboard */; };
		05A2F896298179B700ACDBAD /* SeguePushViewController.swift in Sources */ = {isa = PBXBuildFile; fileRef = 05A2F895298179B700ACDBAD /* SeguePushViewController.swift */; };
		05A2F89829817B9700ACDBAD /* seguePresentViewController.swift in Sources */ = {isa = PBXBuildFile; fileRef = 05A2F89729817B9700ACDBAD /* seguePresentViewController.swift */; };
		05A2F89A29817C9F00ACDBAD /* CodePushViewController.swift in Sources */ = {isa = PBXBuildFile; fileRef = 05A2F89929817C9F00ACDBAD /* CodePushViewController.swift */; };
		05A2F89C29817F1000ACDBAD /* CodePresentViewController.swift in Sources */ = {isa = PBXBuildFile; fileRef = 05A2F89B29817F1000ACDBAD /* CodePresentViewController.swift */; };
/* End PBXBuildFile section */

/* Begin PBXFileReference section */
		05A2F87E298178A600ACDBAD /* screenTransactionExample.app */ = {isa = PBXFileReference; explicitFileType = wrapper.application; includeInIndex = 0; path = screenTransactionExample.app; sourceTree = BUILT_PRODUCTS_DIR; };
		05A2F881298178A600ACDBAD /* AppDelegate.swift */ = {isa = PBXFileReference; lastKnownFileType = sourcecode.swift; path = AppDelegate.swift; sourceTree = "<group>"; };
		05A2F883298178A600ACDBAD /* SceneDelegate.swift */ = {isa = PBXFileReference; lastKnownFileType = sourcecode.swift; path = SceneDelegate.swift; sourceTree = "<group>"; };
		05A2F885298178A600ACDBAD /* ViewController.swift */ = {isa = PBXFileReference; lastKnownFileType = sourcecode.swift; path = ViewController.swift; sourceTree = "<group>"; };
		05A2F888298178A600ACDBAD /* Base */ = {isa = PBXFileReference; lastKnownFileType = file.storyboard; name = Base; path = Base.lproj/Main.storyboard; sourceTree = "<group>"; };
		05A2F88A298178A800ACDBAD /* Assets.xcassets */ = {isa = PBXFileReference; lastKnownFileType = folder.assetcatalog; path = Assets.xcassets; sourceTree = "<group>"; };
		05A2F88D298178A800ACDBAD /* Base */ = {isa = PBXFileReference; lastKnownFileType = file.storyboard; name = Base; path = Base.lproj/LaunchScreen.storyboard; sourceTree = "<group>"; };
		05A2F88F298178A800ACDBAD /* Info.plist */ = {isa = PBXFileReference; lastKnownFileType = text.plist.xml; path = Info.plist; sourceTree = "<group>"; };
		05A2F895298179B700ACDBAD /* SeguePushViewController.swift */ = {isa = PBXFileReference; lastKnownFileType = sourcecode.swift; path = SeguePushViewController.swift; sourceTree = "<group>"; };
		05A2F89729817B9700ACDBAD /* seguePresentViewController.swift */ = {isa = PBXFileReference; lastKnownFileType = sourcecode.swift; path = seguePresentViewController.swift; sourceTree = "<group>"; };
		05A2F89929817C9F00ACDBAD /* CodePushViewController.swift */ = {isa = PBXFileReference; lastKnownFileType = sourcecode.swift; path = CodePushViewController.swift; sourceTree = "<group>"; };
		05A2F89B29817F1000ACDBAD /* CodePresentViewController.swift */ = {isa = PBXFileReference; lastKnownFileType = sourcecode.swift; path = CodePresentViewController.swift; sourceTree = "<group>"; };
/* End PBXFileReference section */

/* Begin PBXFrameworksBuildPhase section */
		05A2F87B298178A600ACDBAD /* Frameworks */ = {
			isa = PBXFrameworksBuildPhase;
			buildActionMask = 2147483647;
			files = (
			);
			runOnlyForDeploymentPostprocessing = 0;
		};
/* End PBXFrameworksBuildPhase section */

/* Begin PBXGroup section */
		05A2F875298178A600ACDBAD = {
			isa = PBXGroup;
			children = (
				05A2F880298178A600ACDBAD /* screenTransactionExample */,
				05A2F87F298178A600ACDBAD /* Products */,
			);
			sourceTree = "<group>";
		};
		05A2F87F298178A600ACDBAD /* Products */ = {
			isa = PBXGroup;
			children = (
				05A2F87E298178A600ACDBAD /* screenTransactionExample.app */,
			);
			name = Products;
			sourceTree = "<group>";
		};
		05A2F880298178A600ACDBAD /* screenTransactionExample */ = {
			isa = PBXGroup;
			children = (
				05A2F881298178A600ACDBAD /* AppDelegate.swift */,
				05A2F883298178A600ACDBAD /* SceneDelegate.swift */,
				05A2F885298178A600ACDBAD /* ViewController.swift */,
				05A2F887298178A600ACDBAD /* Main.storyboard */,
				05A2F88A298178A800ACDBAD /* Assets.xcassets */,
				05A2F88C298178A800ACDBAD /* LaunchScreen.storyboard */,
				05A2F88F298178A800ACDBAD /* Info.plist */,
				05A2F895298179B700ACDBAD /* SeguePushViewController.swift */,
				05A2F89729817B9700ACDBAD /* seguePresentViewController.swift */,
				05A2F89929817C9F00ACDBAD /* CodePushViewController.swift */,
				05A2F89B29817F1000ACDBAD /* CodePresentViewController.swift */,
			);
			path = screenTransactionExample;
			sourceTree = "<group>";
		};
/* End PBXGroup section */

/* Begin PBXNativeTarget section */
		05A2F87D298178A600ACDBAD /* screenTransactionExample */ = {
			isa = PBXNativeTarget;
			buildConfigurationList = 05A2F892298178A800ACDBAD /* Build configuration list for PBXNativeTarget "screenTransactionExample" */;
			buildPhases = (
				05A2F87A298178A600ACDBAD /* Sources */,
				05A2F87B298178A600ACDBAD /* Frameworks */,
				05A2F87C298178A600ACDBAD /* Resources */,
			);
			buildRules = (
			);
			dependencies = (
			);
			name = screenTransactionExample;
			productName = screenTransactionExample;
			productReference = 05A2F87E298178A600ACDBAD /* screenTransactionExample.app */;
			productType = "com.apple.product-type.application";
		};
/* End PBXNativeTarget section */

/* Begin PBXProject section */
		05A2F876298178A600ACDBAD /* Project object */ = {
			isa = PBXProject;
			attributes = {
				BuildIndependentTargetsInParallel = 1;
				LastSwiftUpdateCheck = 1420;
				LastUpgradeCheck = 1420;
				TargetAttributes = {
					05A2F87D298178A600ACDBAD = {
						CreatedOnToolsVersion = 14.2;
					};
				};
			};
			buildConfigurationList = 05A2F879298178A600ACDBAD /* Build configuration list for PBXProject "screenTransactionExample" */;
			compatibilityVersion = "Xcode 14.0";
			developmentRegion = en;
			hasScannedForEncodings = 0;
			knownRegions = (
				en,
				Base,
			);
			mainGroup = 05A2F875298178A600ACDBAD;
			productRefGroup = 05A2F87F298178A600ACDBAD /* Products */;
			projectDirPath = "";
			projectRoot = "";
			targets = (
				05A2F87D298178A600ACDBAD /* screenTransactionExample */,
			);
		};
/* End PBXProject section */

/* Begin PBXResourcesBuildPhase section */
		05A2F87C298178A600ACDBAD /* Resources */ = {
			isa = PBXResourcesBuildPhase;
			buildActionMask = 2147483647;
			files = (
				05A2F88E298178A800ACDBAD /* LaunchScreen.storyboard in Resources */,
				05A2F88B298178A800ACDBAD /* Assets.xcassets in Resources */,
				05A2F889298178A600ACDBAD /* Main.storyboard in Resources */,
			);
			runOnlyForDeploymentPostprocessing = 0;
		};
/* End PBXResourcesBuildPhase section */

/* Begin PBXSourcesBuildPhase section */
		05A2F87A298178A600ACDBAD /* Sources */ = {
			isa = PBXSourcesBuildPhase;
			buildActionMask = 2147483647;
			files = (
				05A2F89829817B9700ACDBAD /* seguePresentViewController.swift in Sources */,
				05A2F89A29817C9F00ACDBAD /* CodePushViewController.swift in Sources */,
				05A2F896298179B700ACDBAD /* SeguePushViewController.swift in Sources */,
				05A2F886298178A600ACDBAD /* ViewController.swift in Sources */,
				05A2F89C29817F1000ACDBAD /* CodePresentViewController.swift in Sources */,
				05A2F882298178A600ACDBAD /* AppDelegate.swift in Sources */,
				05A2F884298178A600ACDBAD /* SceneDelegate.swift in Sources */,
			);
			runOnlyForDeploymentPostprocessing = 0;
		};
/* End PBXSourcesBuildPhase section */

/* Begin PBXVariantGroup section */
		05A2F887298178A600ACDBAD /* Main.storyboard */ = {
			isa = PBXVariantGroup;
			children = (
				05A2F888298178A600ACDBAD /* Base */,
			);
			name = Main.storyboard;
			sourceTree = "<group>";
		};
		05A2F88C298178A800ACDBAD /* LaunchScreen.storyboard */ = {
			isa = PBXVariantGroup;
			children = (
				05A2F88D298178A800ACDBAD /* Base */,
			);
			name = LaunchScreen.storyboard;
			sourceTree = "<group>";
		};
/* End PBXVariantGroup section */

/* Begin XCBuildConfiguration section */
		05A2F890298178A800ACDBAD /* Debug */ = {
			isa = XCBuildConfiguration;
			buildSettings = {
				ALWAYS_SEARCH_USER_PATHS = NO;
				CLANG_ANALYZER_NONNULL = YES;
				CLANG_ANALYZER_NUMBER_OBJECT_CONVERSION = YES_AGGRESSIVE;
				CLANG_CXX_LANGUAGE_STANDARD = "gnu++20";
				CLANG_ENABLE_MODULES = YES;
				CLANG_ENABLE_OBJC_ARC = YES;
				CLANG_ENABLE_OBJC_WEAK = YES;
				CLANG_WARN_BLOCK_CAPTURE_AUTORELEASING = YES;
				CLANG_WARN_BOOL_CONVERSION = YES;
				CLANG_WARN_COMMA = YES;
				CLANG_WARN_CONSTANT_CONVERSION = YES;
				CLANG_WARN_DEPRECATED_OBJC_IMPLEMENTATIONS = YES;
				CLANG_WARN_DIRECT_OBJC_ISA_USAGE = YES_ERROR;
				CLANG_WARN_DOCUMENTATION_COMMENTS = YES;
				CLANG_WARN_EMPTY_BODY = YES;
				CLANG_WARN_ENUM_CONVERSION = YES;
				CLANG_WARN_INFINITE_RECURSION = YES;
				CLANG_WARN_INT_CONVERSION = YES;
				CLANG_WARN_NON_LITERAL_NULL_CONVERSION = YES;
				CLANG_WARN_OBJC_IMPLICIT_RETAIN_SELF = YES;
				CLANG_WARN_OBJC_LITERAL_CONVERSION = YES;
				CLANG_WARN_OBJC_ROOT_CLASS = YES_ERROR;
				CLANG_WARN_QUOTED_INCLUDE_IN_FRAMEWORK_HEADER = YES;
				CLANG_WARN_RANGE_LOOP_ANALYSIS = YES;
				CLANG_WARN_STRICT_PROTOTYPES = YES;
				CLANG_WARN_SUSPICIOUS_MOVE = YES;
				CLANG_WARN_UNGUARDED_AVAILABILITY = YES_AGGRESSIVE;
				CLANG_WARN_UNREACHABLE_CODE = YES;
				CLANG_WARN__DUPLICATE_METHOD_MATCH = YES;
				COPY_PHASE_STRIP = NO;
				DEBUG_INFORMATION_FORMAT = dwarf;
				ENABLE_STRICT_OBJC_MSGSEND = YES;
				ENABLE_TESTABILITY = YES;
				GCC_C_LANGUAGE_STANDARD = gnu11;
				GCC_DYNAMIC_NO_PIC = NO;
				GCC_NO_COMMON_BLOCKS = YES;
				GCC_OPTIMIZATION_LEVEL = 0;
				GCC_PREPROCESSOR_DEFINITIONS = (
					"DEBUG=1",
					"$(inherited)",
				);
				GCC_WARN_64_TO_32_BIT_CONVERSION = YES;
				GCC_WARN_ABOUT_RETURN_TYPE = YES_ERROR;
				GCC_WARN_UNDECLARED_SELECTOR = YES;
				GCC_WARN_UNINITIALIZED_AUTOS = YES_AGGRESSIVE;
				GCC_WARN_UNUSED_FUNCTION = YES;
				GCC_WARN_UNUSED_VARIABLE = YES;
				IPHONEOS_DEPLOYMENT_TARGET = 16.2;
				MTL_ENABLE_DEBUG_INFO = INCLUDE_SOURCE;
				MTL_FAST_MATH = YES;
				ONLY_ACTIVE_ARCH = YES;
				SDKROOT = iphoneos;
				SWIFT_ACTIVE_COMPILATION_CONDITIONS = DEBUG;
				SWIFT_OPTIMIZATION_LEVEL = "-Onone";
			};
			name = Debug;
		};
		05A2F891298178A800ACDBAD /* Release */ = {
			isa = XCBuildConfiguration;
			buildSettings = {
				ALWAYS_SEARCH_USER_PATHS = NO;
				CLANG_ANALYZER_NONNULL = YES;
				CLANG_ANALYZER_NUMBER_OBJECT_CONVERSION = YES_AGGRESSIVE;
				CLANG_CXX_LANGUAGE_STANDARD = "gnu++20";
				CLANG_ENABLE_MODULES = YES;
				CLANG_ENABLE_OBJC_ARC = YES;
				CLANG_ENABLE_OBJC_WEAK = YES;
				CLANG_WARN_BLOCK_CAPTURE_AUTORELEASING = YES;
				CLANG_WARN_BOOL_CONVERSION = YES;
				CLANG_WARN_COMMA = YES;
				CLANG_WARN_CONSTANT_CONVERSION = YES;
				CLANG_WARN_DEPRECATED_OBJC_IMPLEMENTATIONS = YES;
				CLANG_WARN_DIRECT_OBJC_ISA_USAGE = YES_ERROR;
				CLANG_WARN_DOCUMENTATION_COMMENTS = YES;
				CLANG_WARN_EMPTY_BODY = YES;
				CLANG_WARN_ENUM_CONVERSION = YES;
				CLANG_WARN_INFINITE_RECURSION = YES;
				CLANG_WARN_INT_CONVERSION = YES;
				CLANG_WARN_NON_LITERAL_NULL_CONVERSION = YES;
				CLANG_WARN_OBJC_IMPLICIT_RETAIN_SELF = YES;
				CLANG_WARN_OBJC_LITERAL_CONVERSION = YES;
				CLANG_WARN_OBJC_ROOT_CLASS = YES_ERROR;
				CLANG_WARN_QUOTED_INCLUDE_IN_FRAMEWORK_HEADER = YES;
				CLANG_WARN_RANGE_LOOP_ANALYSIS = YES;
				CLANG_WARN_STRICT_PROTOTYPES = YES;
				CLANG_WARN_SUSPICIOUS_MOVE = YES;
				CLANG_WARN_UNGUARDED_AVAILABILITY = YES_AGGRESSIVE;
				CLANG_WARN_UNREACHABLE_CODE = YES;
				CLANG_WARN__DUPLICATE_METHOD_MATCH = YES;
				COPY_PHASE_STRIP = NO;
				DEBUG_INFORMATION_FORMAT = "dwarf-with-dsym";
				ENABLE_NS_ASSERTIONS = NO;
				ENABLE_STRICT_OBJC_MSGSEND = YES;
				GCC_C_LANGUAGE_STANDARD = gnu11;
				GCC_NO_COMMON_BLOCKS = YES;
				GCC_WARN_64_TO_32_BIT_CONVERSION = YES;
				GCC_WARN_ABOUT_RETURN_TYPE = YES_ERROR;
				GCC_WARN_UNDECLARED_SELECTOR = YES;
				GCC_WARN_UNINITIALIZED_AUTOS = YES_AGGRESSIVE;
				GCC_WARN_UNUSED_FUNCTION = YES;
				GCC_WARN_UNUSED_VARIABLE = YES;
				IPHONEOS_DEPLOYMENT_TARGET = 16.2;
				MTL_ENABLE_DEBUG_INFO = NO;
				MTL_FAST_MATH = YES;
				SDKROOT = iphoneos;
				SWIFT_COMPILATION_MODE = wholemodule;
				SWIFT_OPTIMIZATION_LEVEL = "-O";
				VALIDATE_PRODUCT = YES;
			};
			name = Release;
		};
		05A2F893298178A800ACDBAD /* Debug */ = {
			isa = XCBuildConfiguration;
			buildSettings = {
				ASSETCATALOG_COMPILER_APPICON_NAME = AppIcon;
				ASSETCATALOG_COMPILER_GLOBAL_ACCENT_COLOR_NAME = AccentColor;
				CODE_SIGN_STYLE = Automatic;
				CURRENT_PROJECT_VERSION = 1;
				DEVELOPMENT_TEAM = HBBBYD2NJ2;
				GENERATE_INFOPLIST_FILE = YES;
				INFOPLIST_FILE = screenTransactionExample/Info.plist;
				INFOPLIST_KEY_UIApplicationSupportsIndirectInputEvents = YES;
				INFOPLIST_KEY_UILaunchStoryboardName = LaunchScreen;
				INFOPLIST_KEY_UIMainStoryboardFile = Main;
				INFOPLIST_KEY_UISupportedInterfaceOrientations_iPad = "UIInterfaceOrientationPortrait UIInterfaceOrientationPortraitUpsideDown UIInterfaceOrientationLandscapeLeft UIInterfaceOrientationLandscapeRight";
				INFOPLIST_KEY_UISupportedInterfaceOrientations_iPhone = "UIInterfaceOrientationPortrait UIInterfaceOrientationLandscapeLeft UIInterfaceOrientationLandscapeRight";
				LD_RUNPATH_SEARCH_PATHS = (
					"$(inherited)",
					"@executable_path/Frameworks",
				);
				MARKETING_VERSION = 1.0;
				PRODUCT_BUNDLE_IDENTIFIER = kr.co.fastcampus.screenTransactionExample;
				PRODUCT_NAME = "$(TARGET_NAME)";
				SWIFT_EMIT_LOC_STRINGS = YES;
				SWIFT_VERSION = 5.0;
				TARGETED_DEVICE_FAMILY = "1,2";
			};
			name = Debug;
		};
		05A2F894298178A800ACDBAD /* Release */ = {
			isa = XCBuildConfiguration;
			buildSettings = {
				ASSETCATALOG_COMPILER_APPICON_NAME = AppIcon;
				ASSETCATALOG_COMPILER_GLOBAL_ACCENT_COLOR_NAME = AccentColor;
				CODE_SIGN_STYLE = Automatic;
				CURRENT_PROJECT_VERSION = 1;
				DEVELOPMENT_TEAM = HBBBYD2NJ2;
				GENERATE_INFOPLIST_FILE = YES;
				INFOPLIST_FILE = screenTransactionExample/Info.plist;
				INFOPLIST_KEY_UIApplicationSupportsIndirectInputEvents = YES;
				INFOPLIST_KEY_UILaunchStoryboardName = LaunchScreen;
				INFOPLIST_KEY_UIMainStoryboardFile = Main;
				INFOPLIST_KEY_UISupportedInterfaceOrientations_iPad = "UIInterfaceOrientationPortrait UIInterfaceOrientationPortraitUpsideDown UIInterfaceOrientationLandscapeLeft UIInterfaceOrientationLandscapeRight";
				INFOPLIST_KEY_UISupportedInterfaceOrientations_iPhone = "UIInterfaceOrientationPortrait UIInterfaceOrientationLandscapeLeft UIInterfaceOrientationLandscapeRight";
				LD_RUNPATH_SEARCH_PATHS = (
					"$(inherited)",
					"@executable_path/Frameworks",
				);
				MARKETING_VERSION = 1.0;
				PRODUCT_BUNDLE_IDENTIFIER = kr.co.fastcampus.screenTransactionExample;
				PRODUCT_NAME = "$(TARGET_NAME)";
				SWIFT_EMIT_LOC_STRINGS = YES;
				SWIFT_VERSION = 5.0;
				TARGETED_DEVICE_FAMILY = "1,2";
			};
			name = Release;
		};
/* End XCBuildConfiguration section */

/* Begin XCConfigurationList section */
		05A2F879298178A600ACDBAD /* Build configuration list for PBXProject "screenTransactionExample" */ = {
			isa = XCConfigurationList;
			buildConfigurations = (
				05A2F890298178A800ACDBAD /* Debug */,
				05A2F891298178A800ACDBAD /* Release */,
			);
			defaultConfigurationIsVisible = 0;
			defaultConfigurationName = Release;
		};
		05A2F892298178A800ACDBAD /* Build configuration list for PBXNativeTarget "screenTransactionExample" */ = {
			isa = XCConfigurationList;
			buildConfigurations = (
				05A2F893298178A800ACDBAD /* Debug */,
				05A2F894298178A800ACDBAD /* Release */,
			);
			defaultConfigurationIsVisible = 0;
			defaultConfigurationName = Release;
		};
/* End XCConfigurationList section */
	};
	rootObject = 05A2F876298178A600ACDBAD /* Project object */;
}
